
Microsoft Visual Studio Solution File, Format Version 12.00
# Visual Studio 15
VisualStudioVersion = 15.0.28307.421
MinimumVisualStudioVersion = 10.0.40219.1
Project("{FAE04EC0-301F-11D3-BF4B-00C04F79EFBC}") = "calculator.core", "calculator.core\calculator.core.csproj", "{03D0EC42-4830-4D52-8D1E-FEC8C8641EF3}"
EndProject
Project("{FAE04EC0-301F-11D3-BF4B-00C04F79EFBC}") = "calculator.tests", "calculator.tests\calculator.tests.csproj", "{D6944D76-FE7A-4C8F-BF0C-A1F04B103EF1}"
EndProject
Project("{2150E333-8FDC-42A3-9474-1A3956D46DE8}") = "Solution Items", "Solution Items", "{B3C7A4DC-615B-45EE-8050-2126A51AEBC9}"
	ProjectSection(SolutionItems) = preProject
		.gitignore = .gitignore
		README.md = README.md
	EndProjectSection
EndProject
Global
	GlobalSection(SolutionConfigurationPlatforms) = preSolution
		Debug|Any CPU = Debug|Any CPU
		Release|Any CPU = Release|Any CPU
	EndGlobalSection
	GlobalSection(ProjectConfigurationPlatforms) = postSolution
		{03D0EC42-4830-4D52-8D1E-FEC8C8641EF3}.Debug|Any CPU.ActiveCfg = Debug|Any CPU
		{03D0EC42-4830-4D52-8D1E-FEC8C8641EF3}.Debug|Any CPU.Build.0 = Debug|Any CPU
		{03D0EC42-4830-4D52-8D1E-FEC8C8641EF3}.Release|Any CPU.ActiveCfg = Release|Any CPU
		{03D0EC42-4830-4D52-8D1E-FEC8C8641EF3}.Release|Any CPU.Build.0 = Release|Any CPU
		{D6944D76-FE7A-4C8F-BF0C-A1F04B103EF1}.Debug|Any CPU.ActiveCfg = Debug|Any CPU
		{D6944D76-FE7A-4C8F-BF0C-A1F04B103EF1}.Debug|Any CPU.Build.0 = Debug|Any CPU
		{D6944D76-FE7A-4C8F-BF0C-A1F04B103EF1}.Release|Any CPU.ActiveCfg = Release|Any CPU
		{D6944D76-FE7A-4C8F-BF0C-A1F04B103EF1}.Release|Any CPU.Build.0 = Release|Any CPU
	EndGlobalSection
	GlobalSection(SolutionProperties) = preSolution
		HideSolutionNode = FALSE
	EndGlobalSection
	GlobalSection(ExtensibilityGlobals) = postSolution
		SolutionGuid = {F356EAED-4EF3-487A-A464-F7D9F9C1EC7F}
	EndGlobalSection
EndGlobal
